
Microsoft Visual Studio Solution File, Format Version 12.00
# Visual Studio Version 17
VisualStudioVersion = 17.5.33530.505
MinimumVisualStudioVersion = 10.0.40219.1
Project("{FAE04EC0-301F-11D3-BF4B-00C04F79EFBC}") = "gameassignment", "gameassignment\gameassignment.csproj", "{EB6BD62D-4044-4647-9848-1575A63C3823}"
EndProject
Global
	GlobalSection(SolutionConfigurationPlatforms) = preSolution
		Debug|Any CPU = Debug|Any CPU
		Release|Any CPU = Release|Any CPU
	EndGlobalSection
	GlobalSection(ProjectConfigurationPlatforms) = postSolution
		{EB6BD62D-4044-4647-9848-1575A63C3823}.Debug|Any CPU.ActiveCfg = Debug|Any CPU
		{EB6BD62D-4044-4647-9848-1575A63C3823}.Debug|Any CPU.Build.0 = Debug|Any CPU
		{EB6BD62D-4044-4647-9848-1575A63C3823}.Release|Any CPU.ActiveCfg = Release|Any CPU
		{EB6BD62D-4044-4647-9848-1575A63C3823}.Release|Any CPU.Build.0 = Release|Any CPU
	EndGlobalSection
	GlobalSection(SolutionProperties) = preSolution
		HideSolutionNode = FALSE
	EndGlobalSection
	GlobalSection(ExtensibilityGlobals) = postSolution
		SolutionGuid = {73C812B8-FC8C-44B8-AE9D-3582FC1FD7A6}
	EndGlobalSection
EndGlobal
